
Microsoft Visual Studio Solution File, Format Version 12.00
# Visual Studio Version 16
VisualStudioVersion = 16.0.31205.134
MinimumVisualStudioVersion = 10.0.40219.1
Project("{9A19103F-16F7-4668-BE54-9A1E7A4F7556}") = "AltFreeverb", "AltFreeverb\AltFreeverb.csproj", "{EF5C9A37-B85A-4F77-B48C-566DE3213257}"
EndProject
Project("{9A19103F-16F7-4668-BE54-9A1E7A4F7556}") = "AltFreeverbTest", "AltFreeverbTest\AltFreeverbTest.csproj", "{A9E9A16B-7DFE-486A-A558-49629826713B}"
EndProject
Project("{FAE04EC0-301F-11D3-BF4B-00C04F79EFBC}") = "Workspace", "Workspace\Workspace.csproj", "{B59B13E2-5DFD-4DDA-88EC-71104EAFE946}"
EndProject
Global
	GlobalSection(SolutionConfigurationPlatforms) = preSolution
		Debug|Any CPU = Debug|Any CPU
		Release|Any CPU = Release|Any CPU
	EndGlobalSection
	GlobalSection(ProjectConfigurationPlatforms) = postSolution
		{EF5C9A37-B85A-4F77-B48C-566DE3213257}.Debug|Any CPU.ActiveCfg = Debug|Any CPU
		{EF5C9A37-B85A-4F77-B48C-566DE3213257}.Debug|Any CPU.Build.0 = Debug|Any CPU
		{EF5C9A37-B85A-4F77-B48C-566DE3213257}.Release|Any CPU.ActiveCfg = Release|Any CPU
		{EF5C9A37-B85A-4F77-B48C-566DE3213257}.Release|Any CPU.Build.0 = Release|Any CPU
		{A9E9A16B-7DFE-486A-A558-49629826713B}.Debug|Any CPU.ActiveCfg = Debug|Any CPU
		{A9E9A16B-7DFE-486A-A558-49629826713B}.Debug|Any CPU.Build.0 = Debug|Any CPU
		{A9E9A16B-7DFE-486A-A558-49629826713B}.Release|Any CPU.ActiveCfg = Release|Any CPU
		{A9E9A16B-7DFE-486A-A558-49629826713B}.Release|Any CPU.Build.0 = Release|Any CPU
		{B59B13E2-5DFD-4DDA-88EC-71104EAFE946}.Debug|Any CPU.ActiveCfg = Debug|Any CPU
		{B59B13E2-5DFD-4DDA-88EC-71104EAFE946}.Debug|Any CPU.Build.0 = Debug|Any CPU
		{B59B13E2-5DFD-4DDA-88EC-71104EAFE946}.Release|Any CPU.ActiveCfg = Release|Any CPU
		{B59B13E2-5DFD-4DDA-88EC-71104EAFE946}.Release|Any CPU.Build.0 = Release|Any CPU
	EndGlobalSection
	GlobalSection(SolutionProperties) = preSolution
		HideSolutionNode = FALSE
	EndGlobalSection
	GlobalSection(ExtensibilityGlobals) = postSolution
		SolutionGuid = {24C48860-6A0D-489D-861C-84DFBDA872DF}
	EndGlobalSection
EndGlobal
